# THIS IS AN AUTOGENERATED FILE. DO NOT EDIT THIS FILE DIRECTLY.
# yarn lockfile v1


"@babel/code-frame@^7.14.5":
  version "7.14.5"
  resolved "https://registry.yarnpkg.com/@babel/code-frame/-/code-frame-7.14.5.tgz#23b08d740e83f49c5e59945fbf1b43e80bbf4edb"
  integrity sha512-9pzDqyc6OLDaqe+zbACgFkb6fKMNG6CObKpnYXChRsvYGyEdc7CA2BaqeOM+vOtCS5ndmJicPJhKAwYRI6UfFw==
  dependencies:
    "@babel/highlight" "^7.14.5"

"@babel/compat-data@^7.14.5":
  version "7.14.9"
  resolved "https://registry.yarnpkg.com/@babel/compat-data/-/compat-data-7.14.9.tgz#ac7996ceaafcf8f410119c8af0d1db4cf914a210"
  integrity sha512-p3QjZmMGHDGdpcwEYYWu7i7oJShJvtgMjJeb0W95PPhSm++3lm8YXYOh45Y6iCN9PkZLTZ7CIX5nFrp7pw7TXw==

"@babel/core@^7.14.8":
  version "7.14.8"
  resolved "https://registry.yarnpkg.com/@babel/core/-/core-7.14.8.tgz#20cdf7c84b5d86d83fac8710a8bc605a7ba3f010"
  integrity sha512-/AtaeEhT6ErpDhInbXmjHcUQXH0L0TEgscfcxk1qbOvLuKCa5aZT0SOOtDKFY96/CLROwbLSKyFor6idgNaU4Q==
  dependencies:
    "@babel/code-frame" "^7.14.5"
    "@babel/generator" "^7.14.8"
    "@babel/helper-compilation-targets" "^7.14.5"
    "@babel/helper-module-transforms" "^7.14.8"
    "@babel/helpers" "^7.14.8"
    "@babel/parser" "^7.14.8"
    "@babel/template" "^7.14.5"
    "@babel/traverse" "^7.14.8"
    "@babel/types" "^7.14.8"
    convert-source-map "^1.7.0"
    debug "^4.1.0"
    gensync "^1.0.0-beta.2"
    json5 "^2.1.2"
    semver "^6.3.0"
    source-map "^0.5.0"

"@babel/generator@^7.14.8", "@babel/generator@^7.14.9":
  version "7.14.9"
  resolved "https://registry.yarnpkg.com/@babel/generator/-/generator-7.14.9.tgz#23b19c597d38b4f7dc2e3fe42a69c88d9ecfaa16"
  integrity sha512-4yoHbhDYzFa0GLfCzLp5GxH7vPPMAHdZjyE7M/OajM9037zhx0rf+iNsJwp4PT0MSFpwjG7BsHEbPkBQpZ6cYA==
  dependencies:
    "@babel/types" "^7.14.9"
    jsesc "^2.5.1"
    source-map "^0.5.0"

"@babel/helper-compilation-targets@^7.14.5":
  version "7.14.5"
  resolved "https://registry.yarnpkg.com/@babel/helper-compilation-targets/-/helper-compilation-targets-7.14.5.tgz#7a99c5d0967911e972fe2c3411f7d5b498498ecf"
  integrity sha512-v+QtZqXEiOnpO6EYvlImB6zCD2Lel06RzOPzmkz/D/XgQiUu3C/Jb1LOqSt/AIA34TYi/Q+KlT8vTQrgdxkbLw==
  dependencies:
    "@babel/compat-data" "^7.14.5"
    "@babel/helper-validator-option" "^7.14.5"
    browserslist "^4.16.6"
    semver "^6.3.0"

"@babel/helper-function-name@^7.14.5":
  version "7.14.5"
  resolved "https://registry.yarnpkg.com/@babel/helper-function-name/-/helper-function-name-7.14.5.tgz#89e2c474972f15d8e233b52ee8c480e2cfcd50c4"
  integrity sha512-Gjna0AsXWfFvrAuX+VKcN/aNNWonizBj39yGwUzVDVTlMYJMK2Wp6xdpy72mfArFq5uK+NOuexfzZlzI1z9+AQ==
  dependencies:
    "@babel/helper-get-function-arity" "^7.14.5"
    "@babel/template" "^7.14.5"
    "@babel/types" "^7.14.5"

"@babel/helper-get-function-arity@^7.14.5":
  version "7.14.5"
  resolved "https://registry.yarnpkg.com/@babel/helper-get-function-arity/-/helper-get-function-arity-7.14.5.tgz#25fbfa579b0937eee1f3b805ece4ce398c431815"
  integrity sha512-I1Db4Shst5lewOM4V+ZKJzQ0JGGaZ6VY1jYvMghRjqs6DWgxLCIyFt30GlnKkfUeFLpJt2vzbMVEXVSXlIFYUg==
  dependencies:
    "@babel/types" "^7.14.5"

"@babel/helper-hoist-variables@^7.14.5":
  version "7.14.5"
  resolved "https://registry.yarnpkg.com/@babel/helper-hoist-variables/-/helper-hoist-variables-7.14.5.tgz#e0dd27c33a78e577d7c8884916a3e7ef1f7c7f8d"
  integrity sha512-R1PXiz31Uc0Vxy4OEOm07x0oSjKAdPPCh3tPivn/Eo8cvz6gveAeuyUUPB21Hoiif0uoPQSSdhIPS3352nvdyQ==
  dependencies:
    "@babel/types" "^7.14.5"

"@babel/helper-member-expression-to-functions@^7.14.5":
  version "7.14.7"
  resolved "https://registry.yarnpkg.com/@babel/helper-member-expression-to-functions/-/helper-member-expression-to-functions-7.14.7.tgz#97e56244beb94211fe277bd818e3a329c66f7970"
  integrity sha512-TMUt4xKxJn6ccjcOW7c4hlwyJArizskAhoSTOCkA0uZ+KghIaci0Qg9R043kUMWI9mtQfgny+NQ5QATnZ+paaA==
  dependencies:
    "@babel/types" "^7.14.5"

"@babel/helper-module-imports@^7.14.5":
  version "7.14.5"
  resolved "https://registry.yarnpkg.com/@babel/helper-module-imports/-/helper-module-imports-7.14.5.tgz#6d1a44df6a38c957aa7c312da076429f11b422f3"
  integrity sha512-SwrNHu5QWS84XlHwGYPDtCxcA0hrSlL2yhWYLgeOc0w7ccOl2qv4s/nARI0aYZW+bSwAL5CukeXA47B/1NKcnQ==
  dependencies:
    "@babel/types" "^7.14.5"

"@babel/helper-module-transforms@^7.14.8":
  version "7.14.8"
  resolved "https://registry.yarnpkg.com/@babel/helper-module-transforms/-/helper-module-transforms-7.14.8.tgz#d4279f7e3fd5f4d5d342d833af36d4dd87d7dc49"
  integrity sha512-RyE+NFOjXn5A9YU1dkpeBaduagTlZ0+fccnIcAGbv1KGUlReBj7utF7oEth8IdIBQPcux0DDgW5MFBH2xu9KcA==
  dependencies:
    "@babel/helper-module-imports" "^7.14.5"
    "@babel/helper-replace-supers" "^7.14.5"
    "@babel/helper-simple-access" "^7.14.8"
    "@babel/helper-split-export-declaration" "^7.14.5"
    "@babel/helper-validator-identifier" "^7.14.8"
    "@babel/template" "^7.14.5"
    "@babel/traverse" "^7.14.8"
    "@babel/types" "^7.14.8"

"@babel/helper-optimise-call-expression@^7.14.5":
  version "7.14.5"
  resolved "https://registry.yarnpkg.com/@babel/helper-optimise-call-expression/-/helper-optimise-call-expression-7.14.5.tgz#f27395a8619e0665b3f0364cddb41c25d71b499c"
  integrity sha512-IqiLIrODUOdnPU9/F8ib1Fx2ohlgDhxnIDU7OEVi+kAbEZcyiF7BLU8W6PfvPi9LzztjS7kcbzbmL7oG8kD6VA==
  dependencies:
    "@babel/types" "^7.14.5"

"@babel/helper-plugin-utils@^7.14.5":
  version "7.14.5"
  resolved "https://registry.yarnpkg.com/@babel/helper-plugin-utils/-/helper-plugin-utils-7.14.5.tgz#5ac822ce97eec46741ab70a517971e443a70c5a9"
  integrity sha512-/37qQCE3K0vvZKwoK4XU/irIJQdIfCJuhU5eKnNxpFDsOkgFaUAwbv+RYw6eYgsC0E4hS7r5KqGULUogqui0fQ==

"@babel/helper-replace-supers@^7.14.5":
  version "7.14.5"
  resolved "https://registry.yarnpkg.com/@babel/helper-replace-supers/-/helper-replace-supers-7.14.5.tgz#0ecc0b03c41cd567b4024ea016134c28414abb94"
  integrity sha512-3i1Qe9/8x/hCHINujn+iuHy+mMRLoc77b2nI9TB0zjH1hvn9qGlXjWlggdwUcju36PkPCy/lpM7LLUdcTyH4Ow==
  dependencies:
    "@babel/helper-member-expression-to-functions" "^7.14.5"
    "@babel/helper-optimise-call-expression" "^7.14.5"
    "@babel/traverse" "^7.14.5"
    "@babel/types" "^7.14.5"

"@babel/helper-simple-access@^7.14.8":
  version "7.14.8"
  resolved "https://registry.yarnpkg.com/@babel/helper-simple-access/-/helper-simple-access-7.14.8.tgz#82e1fec0644a7e775c74d305f212c39f8fe73924"
  integrity sha512-TrFN4RHh9gnWEU+s7JloIho2T76GPwRHhdzOWLqTrMnlas8T9O7ec+oEDNsRXndOmru9ymH9DFrEOxpzPoSbdg==
  dependencies:
    "@babel/types" "^7.14.8"

"@babel/helper-split-export-declaration@^7.14.5":
  version "7.14.5"
  resolved "https://registry.yarnpkg.com/@babel/helper-split-export-declaration/-/helper-split-export-declaration-7.14.5.tgz#22b23a54ef51c2b7605d851930c1976dd0bc693a"
  integrity sha512-hprxVPu6e5Kdp2puZUmvOGjaLv9TCe58E/Fl6hRq4YiVQxIcNvuq6uTM2r1mT/oPskuS9CgR+I94sqAYv0NGKA==
  dependencies:
    "@babel/types" "^7.14.5"

"@babel/helper-validator-identifier@^7.14.5", "@babel/helper-validator-identifier@^7.14.8", "@babel/helper-validator-identifier@^7.14.9":
  version "7.14.9"
  resolved "https://registry.yarnpkg.com/@babel/helper-validator-identifier/-/helper-validator-identifier-7.14.9.tgz#6654d171b2024f6d8ee151bf2509699919131d48"
  integrity sha512-pQYxPY0UP6IHISRitNe8bsijHex4TWZXi2HwKVsjPiltzlhse2znVcm9Ace510VT1kxIHjGJCZZQBX2gJDbo0g==

"@babel/helper-validator-option@^7.14.5":
  version "7.14.5"
  resolved "https://registry.yarnpkg.com/@babel/helper-validator-option/-/helper-validator-option-7.14.5.tgz#6e72a1fff18d5dfcb878e1e62f1a021c4b72d5a3"
  integrity sha512-OX8D5eeX4XwcroVW45NMvoYaIuFI+GQpA2a8Gi+X/U/cDUIRsV37qQfF905F0htTRCREQIB4KqPeaveRJUl3Ow==

"@babel/helpers@^7.14.8":
  version "7.14.8"
  resolved "https://registry.yarnpkg.com/@babel/helpers/-/helpers-7.14.8.tgz#839f88f463025886cff7f85a35297007e2da1b77"
  integrity sha512-ZRDmI56pnV+p1dH6d+UN6GINGz7Krps3+270qqI9UJ4wxYThfAIcI5i7j5vXC4FJ3Wap+S9qcebxeYiqn87DZw==
  dependencies:
    "@babel/template" "^7.14.5"
    "@babel/traverse" "^7.14.8"
    "@babel/types" "^7.14.8"

"@babel/highlight@^7.14.5":
  version "7.14.5"
  resolved "https://registry.yarnpkg.com/@babel/highlight/-/highlight-7.14.5.tgz#6861a52f03966405001f6aa534a01a24d99e8cd9"
  integrity sha512-qf9u2WFWVV0MppaL877j2dBtQIDgmidgjGk5VIMw3OadXvYaXn66U1BFlH2t4+t3i+8PhedppRv+i40ABzd+gg==
  dependencies:
    "@babel/helper-validator-identifier" "^7.14.5"
    chalk "^2.0.0"
    js-tokens "^4.0.0"

"@babel/parser@^7.14.5", "@babel/parser@^7.14.8", "@babel/parser@^7.14.9":
  version "7.14.9"
  resolved "https://registry.yarnpkg.com/@babel/parser/-/parser-7.14.9.tgz#596c1ad67608070058ebf8df50c1eaf65db895a4"
  integrity sha512-RdUTOseXJ8POjjOeEBEvNMIZU/nm4yu2rufRkcibzkkg7DmQvXU8v3M4Xk9G7uuI86CDGkKcuDWgioqZm+mScQ==

"@babel/plugin-transform-react-jsx-self@^7.14.5":
  version "7.14.9"
  resolved "https://registry.yarnpkg.com/@babel/plugin-transform-react-jsx-self/-/plugin-transform-react-jsx-self-7.14.9.tgz#33041e665453391eb6ee54a2ecf3ba1d46bd30f4"
  integrity sha512-Fqqu0f8zv9W+RyOnx29BX/RlEsBRANbOf5xs5oxb2aHP4FKbLXxIaVPUiCti56LAR1IixMH4EyaixhUsKqoBHw==
  dependencies:
    "@babel/helper-plugin-utils" "^7.14.5"

"@babel/plugin-transform-react-jsx-source@^7.14.5":
  version "7.14.5"
  resolved "https://registry.yarnpkg.com/@babel/plugin-transform-react-jsx-source/-/plugin-transform-react-jsx-source-7.14.5.tgz#79f728e60e6dbd31a2b860b0bf6c9765918acf1d"
  integrity sha512-1TpSDnD9XR/rQ2tzunBVPThF5poaYT9GqP+of8fAtguYuI/dm2RkrMBDemsxtY0XBzvW7nXjYM0hRyKX9QYj7Q==
  dependencies:
    "@babel/helper-plugin-utils" "^7.14.5"

"@babel/runtime@^7.11.2", "@babel/runtime@^7.13.10", "@babel/runtime@^7.14.6":
  version "7.14.8"
  resolved "https://registry.yarnpkg.com/@babel/runtime/-/runtime-7.14.8.tgz#7119a56f421018852694290b9f9148097391b446"
  integrity sha512-twj3L8Og5SaCRCErB4x4ajbvBIVV77CGeFglHpeg5WC5FF8TZzBWXtTJ4MqaD9QszLYTtr+IsaAL2rEUevb+eg==
  dependencies:
    regenerator-runtime "^0.13.4"

"@babel/template@^7.14.5":
  version "7.14.5"
  resolved "https://registry.yarnpkg.com/@babel/template/-/template-7.14.5.tgz#a9bc9d8b33354ff6e55a9c60d1109200a68974f4"
  integrity sha512-6Z3Po85sfxRGachLULUhOmvAaOo7xCvqGQtxINai2mEGPFm6pQ4z5QInFnUrRpfoSV60BnjyF5F3c+15fxFV1g==
  dependencies:
    "@babel/code-frame" "^7.14.5"
    "@babel/parser" "^7.14.5"
    "@babel/types" "^7.14.5"

"@babel/traverse@^7.14.5", "@babel/traverse@^7.14.8":
  version "7.14.9"
  resolved "https://registry.yarnpkg.com/@babel/traverse/-/traverse-7.14.9.tgz#016126b331210bf06fff29d52971eef8383e556f"
  integrity sha512-bldh6dtB49L8q9bUyB7bC20UKgU+EFDwKJylwl234Kv+ySZeMD31Xeht6URyueQ6LrRRpF2tmkfcZooZR9/e8g==
  dependencies:
    "@babel/code-frame" "^7.14.5"
    "@babel/generator" "^7.14.9"
    "@babel/helper-function-name" "^7.14.5"
    "@babel/helper-hoist-variables" "^7.14.5"
    "@babel/helper-split-export-declaration" "^7.14.5"
    "@babel/parser" "^7.14.9"
    "@babel/types" "^7.14.9"
    debug "^4.1.0"
    globals "^11.1.0"

"@babel/types@^7.14.5", "@babel/types@^7.14.8", "@babel/types@^7.14.9":
  version "7.14.9"
  resolved "https://registry.yarnpkg.com/@babel/types/-/types-7.14.9.tgz#f2b19c3f2f77c5708d67fe8f6046e9cea2b5036d"
  integrity sha512-u0bLTnv3DFHeaQLYzb7oRJ1JHr1sv/SYDM7JSqHFFLwXG1wTZRughxFI5NCP8qBEo1rVVsn7Yg2Lvw49nne/Ow==
  dependencies:
    "@babel/helper-validator-identifier" "^7.14.9"
    to-fast-properties "^2.0.0"

"@chevrotain/types@^9.0.2":
  version "9.0.2"
  resolved "https://registry.yarnpkg.com/@chevrotain/types/-/types-9.0.2.tgz#477bb3b973b91ff47377399d1e9f4410be6c0141"
  integrity sha512-lo1dQPX7DQffJb26eaYLEy4/jUTFmsGKa43mDvMNAHwItEgUQHUkTZR0iAkHG0aJv8ejM/KqYpRVSNetrOK8qw==

"@chevrotain/utils@^9.0.2":
  version "9.0.2"
  resolved "https://registry.yarnpkg.com/@chevrotain/utils/-/utils-9.0.2.tgz#6f28fd41d2168c21e441e1a4ad6a0097e4d351f5"
  integrity sha512-iTju1VpbGruWagXS/XswuqeimOCRNeDvrXLlWHYsHp1qTU8sJfAfLiX5vs7DNxB1px6N8VWVI0SD8vMUksNBYw==

"@react-spring/animated@~9.2.0":
  version "9.2.4"
  resolved "https://registry.yarnpkg.com/@react-spring/animated/-/animated-9.2.4.tgz#062ecc0fdfef89f2541a42d8500428b70035f879"
  integrity sha512-AfV6ZM8pCCAT29GY5C8/1bOPjZrv/7kD0vedjiE/tEYvNDwg9GlscrvsTViWR2XykJoYrDfdkYArrldWpsCJ5g==
  dependencies:
    "@react-spring/shared" "~9.2.0"
    "@react-spring/types" "~9.2.0"

"@react-spring/core@~9.2.0":
  version "9.2.4"
  resolved "https://registry.yarnpkg.com/@react-spring/core/-/core-9.2.4.tgz#275a4a065e3a315a4f5fb28c9a6f62ce718c25d6"
  integrity sha512-R+PwyfsjiuYCWqaTTfCpYpRmsP0h87RNm7uxC1Uxy7QAHUfHEm2sAHn+AdHPwq/MbVwDssVT8C5yf2WGcqiXGg==
  dependencies:
    "@react-spring/animated" "~9.2.0"
    "@react-spring/shared" "~9.2.0"
    "@react-spring/types" "~9.2.0"

"@react-spring/konva@~9.2.0":
  version "9.2.4"
  resolved "https://registry.yarnpkg.com/@react-spring/konva/-/konva-9.2.4.tgz#e467b24b3b110ba496526c9001439ce561641e0d"
  integrity sha512-19anDOIkfjcydDTfGgVIuZ3lruZxKubYGs9oHCswaP8SRLj7c1kkopJHUr/S4LXGxiIdqdF0XucWm0iTEPEq4w==
  dependencies:
    "@react-spring/animated" "~9.2.0"
    "@react-spring/core" "~9.2.0"
    "@react-spring/shared" "~9.2.0"
    "@react-spring/types" "~9.2.0"

"@react-spring/native@~9.2.0":
  version "9.2.4"
  resolved "https://registry.yarnpkg.com/@react-spring/native/-/native-9.2.4.tgz#0fd335a44c05023f5428df444d8f1aa3da7abfc9"
  integrity sha512-xKJWKh5qOhSclpL3iuGwJRLoZzTNvlBEnIrMs8yh8xvX6z9Lmnu4uGu5DpfrnM1GzBvRoktoCoLEx/VcEYFSng==
  dependencies:
    "@react-spring/animated" "~9.2.0"
    "@react-spring/core" "~9.2.0"
    "@react-spring/shared" "~9.2.0"
    "@react-spring/types" "~9.2.0"

"@react-spring/rafz@~9.2.0":
  version "9.2.4"
  resolved "https://registry.yarnpkg.com/@react-spring/rafz/-/rafz-9.2.4.tgz#44793e9adc14dd0dcd1573d094368af11a89d73a"
  integrity sha512-SOKf9eue+vAX+DGo7kWYNl9i9J3gPUlQjifIcV9Bzw9h3i30wPOOP0TjS7iMG/kLp2cdHQYDNFte6nt23VAZkQ==

"@react-spring/shared@~9.2.0":
  version "9.2.4"
  resolved "https://registry.yarnpkg.com/@react-spring/shared/-/shared-9.2.4.tgz#f9cc66ac5308a77293330a18518e34121f4008c1"
  integrity sha512-ZEr4l2BxmyFRUvRA2VCkPfCJii4E7cGkwbjmTBx1EmcGrOnde/V2eF5dxqCTY3k35QuCegkrWe0coRJVkh8q2Q==
  dependencies:
    "@react-spring/rafz" "~9.2.0"
    "@react-spring/types" "~9.2.0"

"@react-spring/three@~9.2.0":
  version "9.2.4"
  resolved "https://registry.yarnpkg.com/@react-spring/three/-/three-9.2.4.tgz#849c97658a6e1410b6f823ad21e2ee33feada820"
  integrity sha512-ljFig7XW099VWwRPKPUf+4yYLivp/sSWXN3oO5SJOF/9BSoV1quS/9chZ5Myl5J14od3CsHf89Tv4FdlX5kHlA==
  dependencies:
    "@react-spring/animated" "~9.2.0"
    "@react-spring/core" "~9.2.0"
    "@react-spring/shared" "~9.2.0"
    "@react-spring/types" "~9.2.0"

"@react-spring/types@~9.2.0":
  version "9.2.4"
  resolved "https://registry.yarnpkg.com/@react-spring/types/-/types-9.2.4.tgz#2365ce9d761f548a9adcb2cd68714bf26765a5de"
  integrity sha512-zHUXrWO8nweUN/ISjrjqU7GgXXvoEbFca1CgiE0TY0H/dqJb3l+Rhx8ecPVNYimzFg3ZZ1/T0egpLop8SOv4aA==

"@react-spring/web@~9.2.0":
  version "9.2.4"
  resolved "https://registry.yarnpkg.com/@react-spring/web/-/web-9.2.4.tgz#c6d5464a954bfd0d7bc90117050f796a95ebfa08"
  integrity sha512-vtPvOalLFvuju/MDBtoSnCyt0xXSL6Amyv82fljOuWPl1yGd4M1WteijnYL9Zlriljl0a3oXcPunAVYTD9dbDQ==
  dependencies:
    "@react-spring/animated" "~9.2.0"
    "@react-spring/core" "~9.2.0"
    "@react-spring/shared" "~9.2.0"
    "@react-spring/types" "~9.2.0"

"@react-spring/zdog@~9.2.0":
  version "9.2.4"
  resolved "https://registry.yarnpkg.com/@react-spring/zdog/-/zdog-9.2.4.tgz#db1d1924fe9920e917d889c4d3bb138bd0885cf1"
  integrity sha512-rv7ptedS37SHr6yuCbRkUErAzAhebdgt8f4KUtZWzseC+7qLNkaZWf+uujgsb881qAuX9b9yz8rre9UKeYepgw==
  dependencies:
    "@react-spring/animated" "~9.2.0"
    "@react-spring/core" "~9.2.0"
    "@react-spring/shared" "~9.2.0"
    "@react-spring/types" "~9.2.0"

"@react-three/drei@^7.3.1":
  version "7.3.1"
  resolved "https://registry.yarnpkg.com/@react-three/drei/-/drei-7.3.1.tgz#df35632f41e4b23f8b68b887ed9d5af7a9ebf36a"
  integrity sha512-bw8zlD2YnRbHUQnkvuj7ew0nhut+nidQhffvUwsUsSIIHG1aqlPAGnaJZS1URh9qeu9lbuF1dIIKLy3/UbyLLw==
  dependencies:
    "@babel/runtime" "^7.11.2"
    blob-polyfill "^5.0.20210201"
    detect-gpu "^3.0.0"
    glsl-noise "^0.0.0"
    lodash.omit "^4.5.0"
    lodash.pick "^4.4.0"
    react-merge-refs "^1.0.0"
    stats.js "^0.17.0"
    three-mesh-bvh "^0.4.1"
    three-stdlib "^2.4.0"
    troika-three-text "^0.42.0"
    use-asset "^1.0.4"
    utility-types "^3.10.0"
    zustand "^3.5.1"

"@react-three/fiber@^7.0.6":
  version "7.0.6"
  resolved "https://registry.yarnpkg.com/@react-three/fiber/-/fiber-7.0.6.tgz#faa5aa5d496ae778a89fe2d3f503428a0e3c841b"
  integrity sha512-GSMmnk66B/xGGfbSj5lGiZCxGQD0i8rm0Bt/Xp6TD2b9cYe2Lxb2wegU04zIeN89aoUYMHXhL1GNXsZvvOjfUA==
  dependencies:
    "@babel/runtime" "^7.13.10"
    react-merge-refs "^1.1.0"
    react-reconciler "^0.26.2"
    react-three-fiber "0.0.0-deprecated"
    react-use-measure "^2.0.4"
    resize-observer-polyfill "^1.5.1"
    scheduler "^0.20.2"
    use-asset "^1.0.4"
    utility-types "^3.10.0"
    zustand "^3.5.1"

"@rollup/pluginutils@^4.1.1":
  version "4.1.1"
  resolved "https://registry.yarnpkg.com/@rollup/pluginutils/-/pluginutils-4.1.1.tgz#1d4da86dd4eded15656a57d933fda2b9a08d47ec"
  integrity sha512-clDjivHqWGXi7u+0d2r2sBi4Ie6VLEAzWMIkvJLnDmxoOhBYOTfzGbOQBA32THHm11/LiJbd01tJUpJsbshSWQ==
  dependencies:
    estree-walker "^2.0.1"
    picomatch "^2.2.2"

"@vitejs/plugin-react-refresh@^1.3.6":
  version "1.3.6"
  resolved "https://registry.yarnpkg.com/@vitejs/plugin-react-refresh/-/plugin-react-refresh-1.3.6.tgz#19818392db01e81746cfeb04e096ab3010e79fe3"
  integrity sha512-iNR/UqhUOmFFxiezt0em9CgmiJBdWR+5jGxB2FihaoJfqGt76kiwaKoVOJVU5NYcDWMdN06LbyN2VIGIoYdsEA==
  dependencies:
    "@babel/core" "^7.14.8"
    "@babel/plugin-transform-react-jsx-self" "^7.14.5"
    "@babel/plugin-transform-react-jsx-source" "^7.14.5"
    "@rollup/pluginutils" "^4.1.1"
    react-refresh "^0.10.0"

"@webgpu/glslang@^0.0.15":
  version "0.0.15"
  resolved "https://registry.yarnpkg.com/@webgpu/glslang/-/glslang-0.0.15.tgz#f5ccaf6015241e6175f4b90906b053f88483d1f2"
  integrity sha512-niT+Prh3Aff8Uf1MVBVUsaNjFj9rJAKDXuoHIKiQbB+6IUP/3J3JIhBNyZ7lDhytvXxw6ppgnwKZdDJ08UMj4Q==

"@webxr-input-profiles/motion-controllers@^1.0.0":
  version "1.0.0"
  resolved "https://registry.yarnpkg.com/@webxr-input-profiles/motion-controllers/-/motion-controllers-1.0.0.tgz#0a84533288af39d85bfe1987721035925d69be47"
  integrity sha512-Ppxde+G1/QZbU8ShCQg+eq5VtlcL/FPkerF1dkDOLlIml0LJD1tFqnCZYR0SrHzYleIQ2siRnOx7xbFLaCpExQ==

ansi-styles@^3.2.1:
  version "3.2.1"
  resolved "https://registry.yarnpkg.com/ansi-styles/-/ansi-styles-3.2.1.tgz#41fbb20243e50b12be0f04b8dedbf07520ce841d"
  integrity sha512-VT0ZI6kZRdTh8YyJw3SMbYm/u+NqfsAxEpWO0Pf9sq8/e94WxxOpPKx9FR1FlyCtOVDNOQ+8ntlqFxiRc+r5qA==
  dependencies:
    color-convert "^1.9.0"

bidi-js@^1.0.2:
  version "1.0.2"
  resolved "https://registry.yarnpkg.com/bidi-js/-/bidi-js-1.0.2.tgz#1a497a762c2ddea377429d2649c9ce0f8a91527f"
  integrity sha512-rzSy/k7WdX5zOyeHHCOixGXbCHkyogkxPKL2r8QtzHmVQDiWCXUWa18bLdMWT9CYMLOYTjWpTHawuev2ouYJVw==
  dependencies:
    require-from-string "^2.0.2"

blob-polyfill@^5.0.20210201:
  version "5.0.20210201"
  resolved "https://registry.yarnpkg.com/blob-polyfill/-/blob-polyfill-5.0.20210201.tgz#0024bfa5dcc3440eb5a2f1e5991cb1612a558465"
  integrity sha512-SrH6IG6aXL9pCgSysBCiDpGcAJ1j6/c1qCwR3sTEQJhb+MTk6FITNA6eW6WNYQDNZVi4Z9GjxH5v2MMTv59CrQ==

browserslist@^4.16.6:
  version "4.16.6"
  resolved "https://registry.yarnpkg.com/browserslist/-/browserslist-4.16.6.tgz#d7901277a5a88e554ed305b183ec9b0c08f66fa2"
  integrity sha512-Wspk/PqO+4W9qp5iUTJsa1B/QrYn1keNCcEP5OvP7WBwT4KaDly0uONYmC6Xa3Z5IqnUgS0KcgLYu1l74x0ZXQ==
  dependencies:
    caniuse-lite "^1.0.30001219"
    colorette "^1.2.2"
    electron-to-chromium "^1.3.723"
    escalade "^3.1.1"
    node-releases "^1.1.71"

caniuse-lite@^1.0.30001219:
  version "1.0.30001248"
  resolved "https://registry.yarnpkg.com/caniuse-lite/-/caniuse-lite-1.0.30001248.tgz#26ab45e340f155ea5da2920dadb76a533cb8ebce"
  integrity sha512-NwlQbJkxUFJ8nMErnGtT0QTM2TJ33xgz4KXJSMIrjXIbDVdaYueGyjOrLKRtJC+rTiWfi6j5cnZN1NBiSBJGNw==

chalk@^2.0.0:
  version "2.4.2"
  resolved "https://registry.yarnpkg.com/chalk/-/chalk-2.4.2.tgz#cd42541677a54333cf541a49108c1432b44c9424"
  integrity sha512-Mti+f9lpJNcwF4tWV8/OrTTtF1gZi+f8FqlyAdouralcFWFQWF2+NgCHShjkCb+IFBLq9buZwE1xckQU4peSuQ==
  dependencies:
    ansi-styles "^3.2.1"
    escape-string-regexp "^1.0.5"
    supports-color "^5.3.0"

chevrotain@^9.0.2:
  version "9.0.2"
  resolved "https://registry.yarnpkg.com/chevrotain/-/chevrotain-9.0.2.tgz#7cc462262fec8ee293d96b756085ac71b8804bf1"
  integrity sha512-6ZjgUdGvU4j1n1b2hTjb79Vr2V+qNtmP7f8FVt79+kdAYcUj2QfYNwI8ycCVsgHD/dIeO5Vr1hckkkfliVQTfg==
  dependencies:
    "@chevrotain/types" "^9.0.2"
    "@chevrotain/utils" "^9.0.2"
    regexp-to-ast "0.5.0"

color-convert@^1.9.0:
  version "1.9.3"
  resolved "https://registry.yarnpkg.com/color-convert/-/color-convert-1.9.3.tgz#bb71850690e1f136567de629d2d5471deda4c1e8"
  integrity sha512-QfAUtd+vFdAtFQcC8CCyYt1fYWxSqAiK2cSD6zDB8N3cpsEBAvRxp9zOGg6G/SHHJYAT88/az/IuDGALsNVbGg==
  dependencies:
    color-name "1.1.3"

color-name@1.1.3:
  version "1.1.3"
  resolved "https://registry.yarnpkg.com/color-name/-/color-name-1.1.3.tgz#a7d0558bd89c42f795dd42328f740831ca53bc25"
  integrity sha1-p9BVi9icQveV3UIyj3QIMcpTvCU=

colorette@^1.2.2:
  version "1.2.2"
  resolved "https://registry.yarnpkg.com/colorette/-/colorette-1.2.2.tgz#cbcc79d5e99caea2dbf10eb3a26fd8b3e6acfa94"
  integrity sha512-MKGMzyfeuutC/ZJ1cba9NqcNpfeqMUcYmyF1ZFY6/Cn7CNSAKx6a+s48sqLqyAiZuaP2TcqMhoo+dlwFnVxT9w==

convert-source-map@^1.7.0:
  version "1.8.0"
  resolved "https://registry.yarnpkg.com/convert-source-map/-/convert-source-map-1.8.0.tgz#f3373c32d21b4d780dd8004514684fb791ca4369"
  integrity sha512-+OQdjP49zViI/6i7nIJpA8rAl4sV/JdPfU9nZs3VqOwGIgizICvuN2ru6fMd+4llL0tar18UYJXfZ/TWtmhUjA==
  dependencies:
    safe-buffer "~5.1.1"

debounce@^1.2.0:
  version "1.2.1"
  resolved "https://registry.yarnpkg.com/debounce/-/debounce-1.2.1.tgz#38881d8f4166a5c5848020c11827b834bcb3e0a5"
  integrity sha512-XRRe6Glud4rd/ZGQfiV1ruXSfbvfJedlV9Y6zOlP+2K04vBYiJEte6stfFkCP03aMnY5tsipamumUjL14fofug==

debug@^4.1.0:
  version "4.3.2"
  resolved "https://registry.yarnpkg.com/debug/-/debug-4.3.2.tgz#f0a49c18ac8779e31d4a0c6029dfb76873c7428b"
  integrity sha512-mOp8wKcvj7XxC78zLgw/ZA+6TSgkoE2C/ienthhRD298T7UNwAg9diBpLRxC0mOezLl4B0xV7M0cCO6P/O0Xhw==
  dependencies:
    ms "2.1.2"

detect-gpu@^3.0.0:
  version "3.1.11"
  resolved "https://registry.yarnpkg.com/detect-gpu/-/detect-gpu-3.1.11.tgz#433f07fb8e505cb5e8975d23820fd4d00ec65f9b"
  integrity sha512-JcmbzhdVfOPf0wNheytEEVD+tRZ3Lj6XQUBGKNdDjWW5Fb9xitTuBXdXnB1vcLy5DQMeSzYGFJVI66uAk4vnvA==
  dependencies:
    webgl-constants "^1.1.1"

electron-to-chromium@^1.3.723:
  version "1.3.792"
  resolved "https://registry.yarnpkg.com/electron-to-chromium/-/electron-to-chromium-1.3.792.tgz#791b0d8fcf7411885d086193fb49aaef0c1594ca"
  integrity sha512-RM2O2xrNarM7Cs+XF/OE2qX/aBROyOZqqgP+8FXMXSuWuUqCfUUzg7NytQrzZU3aSqk1Qq6zqnVkJsbfMkIatg==

esbuild@^0.12.8:
  version "0.12.17"
  resolved "https://registry.yarnpkg.com/esbuild/-/esbuild-0.12.17.tgz#5816f905c2905de0ebbc658860df7b5b48afbcd3"
  integrity sha512-GshKJyVYUnlSXIZj/NheC2O0Kblh42CS7P1wJyTbbIHevTG4jYMS9NNw8EOd8dDWD0dzydYHS01MpZoUcQXB4g==

escalade@^3.1.1:
  version "3.1.1"
  resolved "https://registry.yarnpkg.com/escalade/-/escalade-3.1.1.tgz#d8cfdc7000965c5a0174b4a82eaa5c0552742e40"
  integrity sha512-k0er2gUkLf8O0zKJiAhmkTnJlTvINGv7ygDNPbeIsX/TJjGJZHuh9B2UxbsaEkmlEo9MfhrSzmhIlhRlI2GXnw==

escape-string-regexp@^1.0.5:
  version "1.0.5"
  resolved "https://registry.yarnpkg.com/escape-string-regexp/-/escape-string-regexp-1.0.5.tgz#1b61c0562190a8dff6ae3bb2cf0200ca130b86d4"
  integrity sha1-G2HAViGQqN/2rjuyzwIAyhMLhtQ=

estree-walker@^2.0.1:
  version "2.0.2"
  resolved "https://registry.yarnpkg.com/estree-walker/-/estree-walker-2.0.2.tgz#52f010178c2a4c117a7757cfe942adb7d2da4cac"
  integrity sha512-Rfkk/Mp/DL7JVje3u18FxFujQlTNR2q6QfMSMB7AvCBx91NGj/ba3kCfza0f6dVDbw7YlRf/nDrn7pQrCCyQ/w==

fast-deep-equal@^3.1.3:
  version "3.1.3"
  resolved "https://registry.yarnpkg.com/fast-deep-equal/-/fast-deep-equal-3.1.3.tgz#3a7d56b559d6cbc3eb512325244e619a65c6c525"
  integrity sha512-f3qQ9oQy9j2AhBe/H9VC91wLmKBCCU/gDOnKNAYG5hswO7BLKj09Hc5HYNz9cGI++xlpDCIgDaitVs03ATR84Q==

fflate@^0.6.9:
  version "0.6.10"
  resolved "https://registry.yarnpkg.com/fflate/-/fflate-0.6.10.tgz#5f40f9659205936a2d18abf88b2e7781662b6d43"
  integrity sha512-IQrh3lEPM93wVCEczc9SaAOvkmcoQn/G8Bo1e8ZPlY3X3bnAxWaBdvTdvM1hP62iZp0BXWDy4vTAy4fF0+Dlpg==

fsevents@~2.3.2:
  version "2.3.2"
  resolved "https://registry.yarnpkg.com/fsevents/-/fsevents-2.3.2.tgz#8a526f78b8fdf4623b709e0b975c52c24c02fd1a"
  integrity sha512-xiqMQR4xAeHTuB9uWm+fFRcIOgKBMiOBP+eXiyT7jsgVCq1bkVygt00oASowB7EdtpOHaaPgKt812P9ab+DDKA==

function-bind@^1.1.1:
  version "1.1.1"
  resolved "https://registry.yarnpkg.com/function-bind/-/function-bind-1.1.1.tgz#a56899d3ea3c9bab874bb9773b7c5ede92f4895d"
  integrity sha512-yIovAzMX49sF8Yl58fSCWJ5svSLuaibPxXQJFLmBObTuCr0Mf1KiPopGM9NiFjiYBCbfaa2Fh6breQ6ANVTI0A==

gensync@^1.0.0-beta.2:
  version "1.0.0-beta.2"
  resolved "https://registry.yarnpkg.com/gensync/-/gensync-1.0.0-beta.2.tgz#32a6ee76c3d7f52d46b2b1ae5d93fea8580a25e0"
  integrity sha512-3hN7NaskYvMDLQY55gnW3NQ+mesEAepTqlg+VEbj7zzqEMBVNhzcGYYeqFo/TlYz6eQiFcp1HcsCZO+nGgS8zg==

globals@^11.1.0:
  version "11.12.0"
  resolved "https://registry.yarnpkg.com/globals/-/globals-11.12.0.tgz#ab8795338868a0babd8525758018c2a7eb95c42e"
  integrity sha512-WOBp/EEGUiIsJSp7wcv/y6MO+lV9UoncWqxuFfm8eBwzWNgyfBd6Gz+IeKQ9jCmyhoH99g15M3T+QaVHFjizVA==

glsl-noise@^0.0.0:
  version "0.0.0"
  resolved "https://registry.yarnpkg.com/glsl-noise/-/glsl-noise-0.0.0.tgz#367745f3a33382c0eeec4cb54b7e99cfc1d7670b"
  integrity sha1-NndF86MzgsDu7Ey1S36Zz8HXZws=

has-flag@^3.0.0:
  version "3.0.0"
  resolved "https://registry.yarnpkg.com/has-flag/-/has-flag-3.0.0.tgz#b5d454dc2199ae225699f3467e5a07f3b955bafd"
  integrity sha1-tdRU3CGZriJWmfNGfloH87lVuv0=

has@^1.0.3:
  version "1.0.3"
  resolved "https://registry.yarnpkg.com/has/-/has-1.0.3.tgz#722d7cbfc1f6aa8241f16dd814e011e1f41e8796"
  integrity sha512-f2dvO0VU6Oej7RkWJGrehjbzMAjFp5/VKPp5tTpWIV4JHHZK1/BxbFRtf/siA2SWTe09caDmVtYYzWEIbBS4zw==
  dependencies:
    function-bind "^1.1.1"

is-core-module@^2.2.0:
  version "2.5.0"
  resolved "https://registry.yarnpkg.com/is-core-module/-/is-core-module-2.5.0.tgz#f754843617c70bfd29b7bd87327400cda5c18491"
  integrity sha512-TXCMSDsEHMEEZ6eCA8rwRDbLu55MRGmrctljsBX/2v1d9/GzqHOxW5c5oPSgrUt2vBFXebu9rGqckXGPWOlYpg==
  dependencies:
    has "^1.0.3"

"js-tokens@^3.0.0 || ^4.0.0", js-tokens@^4.0.0:
  version "4.0.0"
  resolved "https://registry.yarnpkg.com/js-tokens/-/js-tokens-4.0.0.tgz#19203fb59991df98e3a287050d4647cdeaf32499"
  integrity sha512-RdJUflcE3cUzKiMqQgsCu06FPu9UdIJO0beYbPhHN4k6apgJtifcoCtT9bcxOpYBtpD2kCM6Sbzg4CausW/PKQ==

jsesc@^2.5.1:
  version "2.5.2"
  resolved "https://registry.yarnpkg.com/jsesc/-/jsesc-2.5.2.tgz#80564d2e483dacf6e8ef209650a67df3f0c283a4"
  integrity sha512-OYu7XEzjkCQ3C5Ps3QIZsQfNpqoJyZZA99wd9aWd05NCtC5pWOkShK2mkL6HXQR6/Cy2lbNdPlZBpuQHXE63gA==

json5@^2.1.2:
  version "2.2.0"
  resolved "https://registry.yarnpkg.com/json5/-/json5-2.2.0.tgz#2dfefe720c6ba525d9ebd909950f0515316c89a3"
  integrity sha512-f+8cldu7X/y7RAJurMEJmdoKXGB/X550w2Nr3tTbezL6RwEE/iMcm+tZnXeoZtKuOq6ft8+CqzEkrIgx1fPoQA==
  dependencies:
    minimist "^1.2.5"

ktx-parse@^0.2.1:
  version "0.2.1"
  resolved "https://registry.yarnpkg.com/ktx-parse/-/ktx-parse-0.2.1.tgz#6805c0929eae0a1f571ab3ce789e860e9135b432"
  integrity sha512-I+2mYJ6nQdWGmOlE3m9d9idKfhn2MCw04zaVpgtzyuc19uQ8OwRmmYLf/TP5ueVFfYmHbdpM8mPmId2X5PBLEw==

lodash.omit@^4.5.0:
  version "4.5.0"
  resolved "https://registry.yarnpkg.com/lodash.omit/-/lodash.omit-4.5.0.tgz#6eb19ae5a1ee1dd9df0b969e66ce0b7fa30b5e60"
  integrity sha1-brGa5aHuHdnfC5aeZs4Lf6MLXmA=

lodash.pick@^4.4.0:
  version "4.4.0"
  resolved "https://registry.yarnpkg.com/lodash.pick/-/lodash.pick-4.4.0.tgz#52f05610fff9ded422611441ed1fc123a03001b3"
  integrity sha1-UvBWEP/53tQiYRRB7R/BI6AwAbM=

loose-envify@^1.1.0:
  version "1.4.0"
  resolved "https://registry.yarnpkg.com/loose-envify/-/loose-envify-1.4.0.tgz#71ee51fa7be4caec1a63839f7e682d8132d30caf"
  integrity sha512-lyuxPGr/Wfhrlem2CL/UcnUc1zcqKAImBDzukY7Y5F/yQiNdko6+fRLevlw1HgMySw7f611UIY408EtxRSoK3Q==
  dependencies:
    js-tokens "^3.0.0 || ^4.0.0"

minimist@^1.2.5:
  version "1.2.5"
  resolved "https://registry.yarnpkg.com/minimist/-/minimist-1.2.5.tgz#67d66014b66a6a8aaa0c083c5fd58df4e4e97602"
  integrity sha512-FM9nNUYrRBAELZQT3xeZQ7fmMOBg6nWNmJKTcgsJeaLstP/UODVpGsr5OhXhhXg6f+qtJ8uiZ+PUxkDWcgIXLw==

mmd-parser@^1.0.4:
  version "1.0.4"
  resolved "https://registry.yarnpkg.com/mmd-parser/-/mmd-parser-1.0.4.tgz#87cc05782cb5974ca854f0303fc5147bc9d690e7"
  integrity sha512-Qi0VCU46t2IwfGv5KF0+D/t9cizcDug7qnNoy9Ggk7aucp0tssV8IwTMkBlDbm+VqAf3cdQHTCARKSsuS2MYFg==

ms@2.1.2:
  version "2.1.2"
  resolved "https://registry.yarnpkg.com/ms/-/ms-2.1.2.tgz#d09d1f357b443f493382a8eb3ccd183872ae6009"
  integrity sha512-sGkPx+VjMtmA6MX27oA4FBFELFCZZ4S4XqeGOXCv68tT+jb3vk/RyaKWP0PTKyWtmLSM0b+adUTEvbs1PEaH2w==

nanoid@^3.1.23:
  version "3.1.23"
  resolved "https://registry.yarnpkg.com/nanoid/-/nanoid-3.1.23.tgz#f744086ce7c2bc47ee0a8472574d5c78e4183a81"
  integrity sha512-FiB0kzdP0FFVGDKlRLEQ1BgDzU87dy5NnzjeW9YZNt+/c3+q82EQDUwniSAUxp/F0gFNI1ZhKU1FqYsMuqZVnw==

node-releases@^1.1.71:
  version "1.1.73"
  resolved "https://registry.yarnpkg.com/node-releases/-/node-releases-1.1.73.tgz#dd4e81ddd5277ff846b80b52bb40c49edf7a7b20"
  integrity sha512-uW7fodD6pyW2FZNZnp/Z3hvWKeEW1Y8R1+1CnErE8cXFXzl5blBOoVB41CvMer6P6Q0S5FXDwcHgFd1Wj0U9zg==

object-assign@^4.1.1:
  version "4.1.1"
  resolved "https://registry.yarnpkg.com/object-assign/-/object-assign-4.1.1.tgz#2109adc7965887cfc05cbbd442cac8bfbb360863"
  integrity sha1-IQmtx5ZYh8/AXLvUQsrIv7s2CGM=

opentype.js@^1.3.3:
  version "1.3.3"
  resolved "https://registry.yarnpkg.com/opentype.js/-/opentype.js-1.3.3.tgz#65b8645b090a1ad444065b784d442fa19d1061f6"
  integrity sha512-/qIY/+WnKGlPIIPhbeNjynfD2PO15G9lA/xqlX2bDH+4lc3Xz5GCQ68mqxj3DdUv6AJqCeaPvuAoH8mVL0zcuA==
  dependencies:
    string.prototype.codepointat "^0.2.1"
    tiny-inflate "^1.0.3"

path-parse@^1.0.6:
  version "1.0.7"
  resolved "https://registry.yarnpkg.com/path-parse/-/path-parse-1.0.7.tgz#fbc114b60ca42b30d9daf5858e4bd68bbedb6735"
  integrity sha512-LDJzPVEEEPR+y48z93A0Ed0yXb8pAByGWo/k5YYdYgpY2/2EsOsksJrq7lOHxryrVOn1ejG6oAp8ahvOIQD8sw==

picomatch@^2.2.2:
  version "2.3.0"
  resolved "https://registry.yarnpkg.com/picomatch/-/picomatch-2.3.0.tgz#f1f061de8f6a4bf022892e2d128234fb98302972"
  integrity sha512-lY1Q/PiJGC2zOv/z391WOTD+Z02bCgsFfvxoXXf6h7kv9o+WmsmzYqrAwY63sNgOxE4xEdq0WyUnXfKeBrSvYw==

postcss@^8.3.6:
  version "8.3.6"
  resolved "https://registry.yarnpkg.com/postcss/-/postcss-8.3.6.tgz#2730dd76a97969f37f53b9a6096197be311cc4ea"
  integrity sha512-wG1cc/JhRgdqB6WHEuyLTedf3KIRuD0hG6ldkFEZNCjRxiC+3i6kkWUUbiJQayP28iwG35cEmAbe98585BYV0A==
  dependencies:
    colorette "^1.2.2"
    nanoid "^3.1.23"
    source-map-js "^0.6.2"

potpack@^1.0.1:
  version "1.0.1"
  resolved "https://registry.yarnpkg.com/potpack/-/potpack-1.0.1.tgz#d1b1afd89e4c8f7762865ec30bd112ab767e2ebf"
  integrity sha512-15vItUAbViaYrmaB/Pbw7z6qX2xENbFSTA7Ii4tgbPtasxm5v6ryKhKtL91tpWovDJzTiZqdwzhcFBCwiMVdVw==

react-dom@^17.0.2:
  version "17.0.2"
  resolved "https://registry.yarnpkg.com/react-dom/-/react-dom-17.0.2.tgz#ecffb6845e3ad8dbfcdc498f0d0a939736502c23"
  integrity sha512-s4h96KtLDUQlsENhMn1ar8t2bEa+q/YAtj8pPPdIjPDGBDIVNsrD9aXNWqspUe6AzKCIG0C1HZZLqLV7qpOBGA==
  dependencies:
    loose-envify "^1.1.0"
    object-assign "^4.1.1"
    scheduler "^0.20.2"

react-merge-refs@^1.0.0, react-merge-refs@^1.1.0:
  version "1.1.0"
  resolved "https://registry.yarnpkg.com/react-merge-refs/-/react-merge-refs-1.1.0.tgz#73d88b892c6c68cbb7a66e0800faa374f4c38b06"
  integrity sha512-alTKsjEL0dKH/ru1Iyn7vliS2QRcBp9zZPGoWxUOvRGWPUYgjo+V01is7p04It6KhgrzhJGnIj9GgX8W4bZoCQ==

react-reconciler@^0.26.2:
  version "0.26.2"
  resolved "https://registry.yarnpkg.com/react-reconciler/-/react-reconciler-0.26.2.tgz#bbad0e2d1309423f76cf3c3309ac6c96e05e9d91"
  integrity sha512-nK6kgY28HwrMNwDnMui3dvm3rCFjZrcGiuwLc5COUipBK5hWHLOxMJhSnSomirqWwjPBJKV1QcbkI0VJr7Gl1Q==
  dependencies:
    loose-envify "^1.1.0"
    object-assign "^4.1.1"
    scheduler "^0.20.2"

react-refresh@^0.10.0:
  version "0.10.0"
  resolved "https://registry.yarnpkg.com/react-refresh/-/react-refresh-0.10.0.tgz#2f536c9660c0b9b1d500684d9e52a65e7404f7e3"
  integrity sha512-PgidR3wST3dDYKr6b4pJoqQFpPGNKDSCDx4cZoshjXipw3LzO7mG1My2pwEzz2JVkF+inx3xRpDeQLFQGH/hsQ==

react-spring@^9.2.3:
  version "9.2.4"
  resolved "https://registry.yarnpkg.com/react-spring/-/react-spring-9.2.4.tgz#9d89b0321664d594f957dca9459b13d94b3dfa39"
  integrity sha512-bMjbyTW0ZGd+/h9cjtohLqCwOGqX2OuaTvalOVfLCGmhzEg/u3GgopI3LAm4UD2Br3MNdVdGgNVoESg4MGqKFQ==
  dependencies:
    "@react-spring/core" "~9.2.0"
    "@react-spring/konva" "~9.2.0"
    "@react-spring/native" "~9.2.0"
    "@react-spring/three" "~9.2.0"
    "@react-spring/web" "~9.2.0"
    "@react-spring/zdog" "~9.2.0"

react-three-fiber@0.0.0-deprecated:
  version "0.0.0-deprecated"
  resolved "https://registry.yarnpkg.com/react-three-fiber/-/react-three-fiber-0.0.0-deprecated.tgz#c737242487d824cf9520307308b7e4c4071a278f"
  integrity sha512-EblIqTAsIpkYeM8bZtC4lcpTE0A2zCEGipFB52RgcQq/q+0oryrk7Sxt+sqhIjUu6xMNEVywV8dr74lz5yWO6A==

react-use-measure@^2.0.4:
  version "2.0.4"
  resolved "https://registry.yarnpkg.com/react-use-measure/-/react-use-measure-2.0.4.tgz#cb675b36eaeaf3681b94d5f5e08b2a1e081fedc9"
  integrity sha512-7K2HIGaPMl3Q9ZQiEVjen3tRXl4UDda8LiTPy/QxP8dP2rl5gPBhf7mMH6MVjjRNv3loU7sNzey/ycPNnHVTxQ==
  dependencies:
    debounce "^1.2.0"

react@^17.0.2:
  version "17.0.2"
  resolved "https://registry.yarnpkg.com/react/-/react-17.0.2.tgz#d0b5cc516d29eb3eee383f75b62864cfb6800037"
  integrity sha512-gnhPt75i/dq/z3/6q/0asP78D0u592D5L1pd7M8P+dck6Fu/jJeL6iVVK23fptSUZj8Vjf++7wXA8UNclGQcbA==
  dependencies:
    loose-envify "^1.1.0"
    object-assign "^4.1.1"

regenerator-runtime@^0.13.4:
  version "0.13.9"
  resolved "https://registry.yarnpkg.com/regenerator-runtime/-/regenerator-runtime-0.13.9.tgz#8925742a98ffd90814988d7566ad30ca3b263b52"
  integrity sha512-p3VT+cOEgxFsRRA9X4lkI1E+k2/CtnKtU4gcxyaCUreilL/vqI6CdZ3wxVUx3UOUg+gnUOQQcRI7BmSI656MYA==

regexp-to-ast@0.5.0:
  version "0.5.0"
  resolved "https://registry.yarnpkg.com/regexp-to-ast/-/regexp-to-ast-0.5.0.tgz#56c73856bee5e1fef7f73a00f1473452ab712a24"
  integrity sha512-tlbJqcMHnPKI9zSrystikWKwHkBqu2a/Sgw01h3zFjvYrMxEDYHzzoMZnUrbIfpTFEsoRnnviOXNCzFiSc54Qw==

require-from-string@^2.0.2:
  version "2.0.2"
  resolved "https://registry.yarnpkg.com/require-from-string/-/require-from-string-2.0.2.tgz#89a7fdd938261267318eafe14f9c32e598c36909"
  integrity sha512-Xf0nWe6RseziFMu+Ap9biiUbmplq6S9/p+7w7YXP/JBHhrUDDUhwa+vANyubuqfZWTveU//DYVGsDG7RKL/vEw==

resize-observer-polyfill@^1.5.1:
  version "1.5.1"
  resolved "https://registry.yarnpkg.com/resize-observer-polyfill/-/resize-observer-polyfill-1.5.1.tgz#0e9020dd3d21024458d4ebd27e23e40269810464"
  integrity sha512-LwZrotdHOo12nQuZlHEmtuXdqGoOD0OhaxopaNFxWzInpEgaLWoVuAMbTzixuosCx2nEG58ngzW3vxdWoxIgdg==

resolve@^1.20.0:
  version "1.20.0"
  resolved "https://registry.yarnpkg.com/resolve/-/resolve-1.20.0.tgz#629a013fb3f70755d6f0b7935cc1c2c5378b1975"
  integrity sha512-wENBPt4ySzg4ybFQW2TT1zMQucPK95HSh/nq2CFTZVOGut2+pQvSsgtda4d26YrYcr067wjbmzOG8byDPBX63A==
  dependencies:
    is-core-module "^2.2.0"
    path-parse "^1.0.6"

rollup@^2.38.5:
  version "2.55.1"
  resolved "https://registry.yarnpkg.com/rollup/-/rollup-2.55.1.tgz#66a444648e2fb603d8e329e77a61c608a6510fda"
  integrity sha512-1P9w5fpb6b4qroePh8vHKGIvPNxwoCQhjJpIqfZGHLKpZ0xcU2/XBmFxFbc9697/6bmHpmFTLk5R1dAQhFSo0g==
  optionalDependencies:
    fsevents "~2.3.2"

safe-buffer@~5.1.1:
  version "5.1.2"
  resolved "https://registry.yarnpkg.com/safe-buffer/-/safe-buffer-5.1.2.tgz#991ec69d296e0313747d59bdfd2b745c35f8828d"
  integrity sha512-Gd2UZBJDkXlY7GbJxfsE8/nvKkUEU1G38c1siN6QP6a9PT9MmHB8GnpscSmMJSoF8LOIrt8ud/wPtojys4G6+g==

scheduler@^0.20.2:
  version "0.20.2"
  resolved "https://registry.yarnpkg.com/scheduler/-/scheduler-0.20.2.tgz#4baee39436e34aa93b4874bddcbf0fe8b8b50e91"
  integrity sha512-2eWfGgAqqWFGqtdMmcL5zCMK1U8KlXv8SQFGglL3CEtd0aDVDWgeF/YoCmvln55m5zSk3J/20hTaSBeSObsQDQ==
  dependencies:
    loose-envify "^1.1.0"
    object-assign "^4.1.1"

semver@^6.3.0:
  version "6.3.0"
  resolved "https://registry.yarnpkg.com/semver/-/semver-6.3.0.tgz#ee0a64c8af5e8ceea67687b133761e1becbd1d3d"
  integrity sha512-b39TBaTSfV6yBrapU89p5fKekE2m/NwnDocOVruQFS1/veMgdzuPcnOM34M6CwxW8jH/lxEa5rBoDeUwu5HHTw==

source-map-js@^0.6.2:
  version "0.6.2"
  resolved "https://registry.yarnpkg.com/source-map-js/-/source-map-js-0.6.2.tgz#0bb5de631b41cfbda6cfba8bd05a80efdfd2385e"
  integrity sha512-/3GptzWzu0+0MBQFrDKzw/DvvMTUORvgY6k6jd/VS6iCR4RDTKWH6v6WPwQoUO8667uQEf9Oe38DxAYWY5F/Ug==

source-map@^0.5.0:
  version "0.5.7"
  resolved "https://registry.yarnpkg.com/source-map/-/source-map-0.5.7.tgz#8a039d2d1021d22d1ea14c80d8ea468ba2ef3fcc"
  integrity sha1-igOdLRAh0i0eoUyA2OpGi6LvP8w=

stats.js@^0.17.0:
  version "0.17.0"
  resolved "https://registry.yarnpkg.com/stats.js/-/stats.js-0.17.0.tgz#b1c3dc46d94498b578b7fd3985b81ace7131cc7d"
  integrity sha1-scPcRtlEmLV4t/05hbgaznExzH0=

string.prototype.codepointat@^0.2.1:
  version "0.2.1"
  resolved "https://registry.yarnpkg.com/string.prototype.codepointat/-/string.prototype.codepointat-0.2.1.tgz#004ad44c8afc727527b108cd462b4d971cd469bc"
  integrity sha512-2cBVCj6I4IOvEnjgO/hWqXjqBGsY+zwPmHl12Srk9IXSZ56Jwwmy+66XO5Iut/oQVR7t5ihYdLB0GMa4alEUcg==

supports-color@^5.3.0:
  version "5.5.0"
  resolved "https://registry.yarnpkg.com/supports-color/-/supports-color-5.5.0.tgz#e2e69a44ac8772f78a1ec0b35b689df6530efc8f"
  integrity sha512-QjVjwdXIt408MIiAqCX4oUKsgU2EqAGzs2Ppkm4aQYbjm+ZEWEcW4SfFNTr4uMNZma0ey4f5lgLrkB0aX0QMow==
  dependencies:
    has-flag "^3.0.0"

three-mesh-bvh@^0.4.1:
  version "0.4.1"
  resolved "https://registry.yarnpkg.com/three-mesh-bvh/-/three-mesh-bvh-0.4.1.tgz#ba0bf1dac7cbd41f2132c8446545c8ad9fbeb892"
  integrity sha512-1ALlGVjArZpi0SdqZhjwFA3DZHgBF/Uo4LnL8G7PczI7rpOoBK87CaBL073DVrrbIE4OONJvpq/PEzluKoRHbg==

three-stdlib@^2.4.0:
  version "2.4.0"
  resolved "https://registry.yarnpkg.com/three-stdlib/-/three-stdlib-2.4.0.tgz#e6ffde19de40f3e2d8dfe5d5659667272c1918b6"
  integrity sha512-fy1utgeo/RskodAmKPoiexkcH/m5Zy9C01QjuESTnihDd+LyjxsmqAUI+qoDCkQIAwtBvYPE53EFBXzZM0B04A==
  dependencies:
    "@babel/runtime" "^7.14.6"
    "@webgpu/glslang" "^0.0.15"
    "@webxr-input-profiles/motion-controllers" "^1.0.0"
    chevrotain "^9.0.2"
    fflate "^0.6.9"
    ktx-parse "^0.2.1"
    mmd-parser "^1.0.4"
    opentype.js "^1.3.3"
    potpack "^1.0.1"
    zstddec "^0.0.2"

three@^0.131.1:
  version "0.131.1"
  resolved "https://registry.yarnpkg.com/three/-/three-0.131.1.tgz#c7d35213a0ec5c3ee28316221ecdf2c18d1140a0"
  integrity sha512-1vojiLBfH7e2GZDEzFBfmzU0b/5uraxdg630PcVCRdzgGOttGe6HmG+n71lLCZZnPOxU9f7UVPiSkKPMsyiB/A==

tiny-inflate@^1.0.3:
  version "1.0.3"
  resolved "https://registry.yarnpkg.com/tiny-inflate/-/tiny-inflate-1.0.3.tgz#122715494913a1805166aaf7c93467933eea26c4"
  integrity sha512-pkY1fj1cKHb2seWDy0B16HeWyczlJA9/WW3u3c4z/NiWDsO3DOU5D7nhTLE9CF0yXv/QZFY7sEJmj24dK+Rrqw==

to-fast-properties@^2.0.0:
  version "2.0.0"
  resolved "https://registry.yarnpkg.com/to-fast-properties/-/to-fast-properties-2.0.0.tgz#dc5e698cbd079265bc73e0377681a4e4e83f616e"
  integrity sha1-3F5pjL0HkmW8c+A3doGk5Og/YW4=

troika-three-text@^0.42.0:
  version "0.42.0"
  resolved "https://registry.yarnpkg.com/troika-three-text/-/troika-three-text-0.42.0.tgz#7ef7eca6482c020102010139cadac44724a5cb69"
  integrity sha512-bI9tCNwYDxcAi04NN0g0exOCrvNur9YfA2adR3AZgKHq+FIzxFIOem9LJ8kVwvo4smR+/hAv8N8pcRvXTek21w==
  dependencies:
    bidi-js "^1.0.2"
    troika-three-utils "^0.42.0"
    troika-worker-utils "^0.42.0"

troika-three-utils@^0.42.0:
  version "0.42.0"
  resolved "https://registry.yarnpkg.com/troika-three-utils/-/troika-three-utils-0.42.0.tgz#01624fb8b2b9e8ea007985868fa1bcdaed0819ef"
  integrity sha512-IimGItKTN4PxeXEL4uWSF20kHZU1J1jXHD0gYQflX3QOFSven7HBG7nEqHcWavbZkB3AeRfR6NB3294GIt3uGA==

troika-worker-utils@^0.42.0:
  version "0.42.0"
  resolved "https://registry.yarnpkg.com/troika-worker-utils/-/troika-worker-utils-0.42.0.tgz#473004a65b8e6d1bed89f0384394712a526363c3"
  integrity sha512-eTfX/vBNC7zMD+sSIDzbQAVwbhotbCz71IimZe0rFqPvAXkvLpKfH2YcWd1Ho42PII1O9Gl4QxxTV8ulRmDilQ==

use-asset@^1.0.4:
  version "1.0.4"
  resolved "https://registry.yarnpkg.com/use-asset/-/use-asset-1.0.4.tgz#506caafc29f602890593799e58b577b70293a6e2"
  integrity sha512-7/hqDrWa0iMnCoET9W1T07EmD4Eg/Wmoj/X8TGBc++ECRK4m5yTsjP4O6s0yagbxfqIOuUkIxe2/sA+VR2GxZA==
  dependencies:
    fast-deep-equal "^3.1.3"

utility-types@^3.10.0:
  version "3.10.0"
  resolved "https://registry.yarnpkg.com/utility-types/-/utility-types-3.10.0.tgz#ea4148f9a741015f05ed74fd615e1d20e6bed82b"
  integrity sha512-O11mqxmi7wMKCo6HKFt5AhO4BwY3VV68YU07tgxfz8zJTIxr4BpsezN49Ffwy9j3ZpwwJp4fkRwjRzq3uWE6Rg==

vite@^2.4.4:
  version "2.4.4"
  resolved "https://registry.yarnpkg.com/vite/-/vite-2.4.4.tgz#8c402a07ad45f168f6eb5428bead38f3e4363e47"
  integrity sha512-m1wK6pFJKmaYA6AeZIUXyiAgUAAJzVXhIMYCdZUpCaFMGps0v0IlNJtbmPvkUhVEyautalajmnW5X6NboUPsnw==
  dependencies:
    esbuild "^0.12.8"
    postcss "^8.3.6"
    resolve "^1.20.0"
    rollup "^2.38.5"
  optionalDependencies:
    fsevents "~2.3.2"

webgl-constants@^1.1.1:
  version "1.1.1"
  resolved "https://registry.yarnpkg.com/webgl-constants/-/webgl-constants-1.1.1.tgz#f9633ee87fea56647a60b9ce735cbdfb891c6855"
  integrity sha512-LkBXKjU5r9vAW7Gcu3T5u+5cvSvh5WwINdr0C+9jpzVB41cjQAP5ePArDtk/WHYdVj0GefCgM73BA7FlIiNtdg==

zstddec@^0.0.2:
  version "0.0.2"
  resolved "https://registry.yarnpkg.com/zstddec/-/zstddec-0.0.2.tgz#57e2f28dd1ff56b750e07d158a43f0611ad9eeb4"
  integrity sha512-DCo0oxvcvOTGP/f5FA6tz2Z6wF+FIcEApSTu0zV5sQgn9hoT5lZ9YRAKUraxt9oP7l4e8TnNdi8IZTCX6WCkwA==

zustand@^3.5.1:
  version "3.5.7"
  resolved "https://registry.yarnpkg.com/zustand/-/zustand-3.5.7.tgz#add5e8d0ba031ce6e0ddf9cb76ef15306efb665f"
  integrity sha512-DlVFXJavIHyXTOGz6dB+8QHZsPyJcGJSEBtlp2Ivmd5SwtlCnhPo3L8LB6YRfAOJC2PbqzgoD8NMjk+y+vIF0g==
